
Microsoft Visual Studio Solution File, Format Version 12.00
# Visual Studio 15
Project("{FAE04EC0-301F-11D3-BF4B-00C04F79EFBC}") = "Assembly-CSharp", "Assembly-CSharp.csproj", "{2FB804EE-3944-798A-1DA0-34DD87BE0296}"
EndProject
Project("{FAE04EC0-301F-11D3-BF4B-00C04F79EFBC}") = "Assembly-CSharp-Editor", "Assembly-CSharp-Editor.csproj", "{BC181A8D-D508-1A1A-9F02-4B4CCAC91516}"
EndProject
Global
	GlobalSection(SolutionConfigurationPlatforms) = preSolution
		Debug|Any CPU = Debug|Any CPU
		Release|Any CPU = Release|Any CPU
	EndGlobalSection
	GlobalSection(ProjectConfigurationPlatforms) = postSolution
		{2FB804EE-3944-798A-1DA0-34DD87BE0296}.Debug|Any CPU.ActiveCfg = Debug|Any CPU
		{2FB804EE-3944-798A-1DA0-34DD87BE0296}.Debug|Any CPU.Build.0 = Debug|Any CPU
		{2FB804EE-3944-798A-1DA0-34DD87BE0296}.Release|Any CPU.ActiveCfg = Release|Any CPU
		{2FB804EE-3944-798A-1DA0-34DD87BE0296}.Release|Any CPU.Build.0 = Release|Any CPU
		{BC181A8D-D508-1A1A-9F02-4B4CCAC91516}.Debug|Any CPU.ActiveCfg = Debug|Any CPU
		{BC181A8D-D508-1A1A-9F02-4B4CCAC91516}.Debug|Any CPU.Build.0 = Debug|Any CPU
		{BC181A8D-D508-1A1A-9F02-4B4CCAC91516}.Release|Any CPU.ActiveCfg = Release|Any CPU
		{BC181A8D-D508-1A1A-9F02-4B4CCAC91516}.Release|Any CPU.Build.0 = Release|Any CPU
	EndGlobalSection
	GlobalSection(SolutionProperties) = preSolution
		HideSolutionNode = FALSE
	EndGlobalSection
EndGlobal
