
Microsoft Visual Studio Solution File, Format Version 12.00
# Visual Studio 15
Project("{FAE04EC0-301F-11D3-BF4B-00C04F79EFBC}") = "Assembly-CSharp", "Assembly-CSharp.csproj", "{63788DD0-5559-2762-5DF3-59554CEAE23F}"
EndProject
Project("{FAE04EC0-301F-11D3-BF4B-00C04F79EFBC}") = "Luban.Runtime", "Luban.Runtime.csproj", "{88B0123B-B83E-BD8A-9269-1346E4AE7751}"
EndProject
Project("{FAE04EC0-301F-11D3-BF4B-00C04F79EFBC}") = "Luban.Editor", "Luban.Editor.csproj", "{7118E1FD-2DE1-D2AD-9E40-72B77910978E}"
EndProject
Global
	GlobalSection(SolutionConfigurationPlatforms) = preSolution
		Debug|Any CPU = Debug|Any CPU
		Release|Any CPU = Release|Any CPU
	EndGlobalSection
	GlobalSection(ProjectConfigurationPlatforms) = postSolution
		{63788DD0-5559-2762-5DF3-59554CEAE23F}.Debug|Any CPU.ActiveCfg = Debug|Any CPU
		{63788DD0-5559-2762-5DF3-59554CEAE23F}.Debug|Any CPU.Build.0 = Debug|Any CPU
		{63788DD0-5559-2762-5DF3-59554CEAE23F}.Release|Any CPU.ActiveCfg = Release|Any CPU
		{63788DD0-5559-2762-5DF3-59554CEAE23F}.Release|Any CPU.Build.0 = Release|Any CPU
		{88B0123B-B83E-BD8A-9269-1346E4AE7751}.Debug|Any CPU.ActiveCfg = Debug|Any CPU
		{88B0123B-B83E-BD8A-9269-1346E4AE7751}.Debug|Any CPU.Build.0 = Debug|Any CPU
		{88B0123B-B83E-BD8A-9269-1346E4AE7751}.Release|Any CPU.ActiveCfg = Release|Any CPU
		{88B0123B-B83E-BD8A-9269-1346E4AE7751}.Release|Any CPU.Build.0 = Release|Any CPU
		{7118E1FD-2DE1-D2AD-9E40-72B77910978E}.Debug|Any CPU.ActiveCfg = Debug|Any CPU
		{7118E1FD-2DE1-D2AD-9E40-72B77910978E}.Debug|Any CPU.Build.0 = Debug|Any CPU
		{7118E1FD-2DE1-D2AD-9E40-72B77910978E}.Release|Any CPU.ActiveCfg = Release|Any CPU
		{7118E1FD-2DE1-D2AD-9E40-72B77910978E}.Release|Any CPU.Build.0 = Release|Any CPU
	EndGlobalSection
	GlobalSection(SolutionProperties) = preSolution
		HideSolutionNode = FALSE
	EndGlobalSection
EndGlobal
