
Microsoft Visual Studio Solution File, Format Version 12.00
# Visual Studio 15
Project("{FAE04EC0-301F-11D3-BF4B-00C04F79EFBC}") = "Assembly-CSharp", "Assembly-CSharp.csproj", "{1DC51B57-5149-16A9-04C6-149B0141AE37}"
EndProject
Project("{FAE04EC0-301F-11D3-BF4B-00C04F79EFBC}") = "Assembly-CSharp-Editor", "Assembly-CSharp-Editor.csproj", "{1B67985A-2B9F-8CD2-7C85-FEB44AEE860B}"
EndProject
Global
	GlobalSection(SolutionConfigurationPlatforms) = preSolution
		Debug|Any CPU = Debug|Any CPU
		Release|Any CPU = Release|Any CPU
	EndGlobalSection
	GlobalSection(ProjectConfigurationPlatforms) = postSolution
		{1DC51B57-5149-16A9-04C6-149B0141AE37}.Debug|Any CPU.ActiveCfg = Debug|Any CPU
		{1DC51B57-5149-16A9-04C6-149B0141AE37}.Debug|Any CPU.Build.0 = Debug|Any CPU
		{1DC51B57-5149-16A9-04C6-149B0141AE37}.Release|Any CPU.ActiveCfg = Release|Any CPU
		{1DC51B57-5149-16A9-04C6-149B0141AE37}.Release|Any CPU.Build.0 = Release|Any CPU
		{1B67985A-2B9F-8CD2-7C85-FEB44AEE860B}.Debug|Any CPU.ActiveCfg = Debug|Any CPU
		{1B67985A-2B9F-8CD2-7C85-FEB44AEE860B}.Debug|Any CPU.Build.0 = Debug|Any CPU
		{1B67985A-2B9F-8CD2-7C85-FEB44AEE860B}.Release|Any CPU.ActiveCfg = Release|Any CPU
		{1B67985A-2B9F-8CD2-7C85-FEB44AEE860B}.Release|Any CPU.Build.0 = Release|Any CPU
	EndGlobalSection
	GlobalSection(SolutionProperties) = preSolution
		HideSolutionNode = FALSE
	EndGlobalSection
EndGlobal
