
Microsoft Visual Studio Solution File, Format Version 12.00
# Visual Studio 15
Project("{FAE04EC0-301F-11D3-BF4B-00C04F79EFBC}") = "ILRuntime", "ILRuntime.csproj", "{6BC4FA38-9AF7-7BD1-1D3D-6DFBF648DB3B}"
EndProject
Project("{FAE04EC0-301F-11D3-BF4B-00C04F79EFBC}") = "Assembly-CSharp", "Assembly-CSharp.csproj", "{C1A93DD9-751C-3155-4EC1-FBFB391A0399}"
EndProject
Global
	GlobalSection(SolutionConfigurationPlatforms) = preSolution
		Debug|Any CPU = Debug|Any CPU
		Release|Any CPU = Release|Any CPU
	EndGlobalSection
	GlobalSection(ProjectConfigurationPlatforms) = postSolution
		{6BC4FA38-9AF7-7BD1-1D3D-6DFBF648DB3B}.Debug|Any CPU.ActiveCfg = Debug|Any CPU
		{6BC4FA38-9AF7-7BD1-1D3D-6DFBF648DB3B}.Debug|Any CPU.Build.0 = Debug|Any CPU
		{6BC4FA38-9AF7-7BD1-1D3D-6DFBF648DB3B}.Release|Any CPU.ActiveCfg = Release|Any CPU
		{6BC4FA38-9AF7-7BD1-1D3D-6DFBF648DB3B}.Release|Any CPU.Build.0 = Release|Any CPU
		{C1A93DD9-751C-3155-4EC1-FBFB391A0399}.Debug|Any CPU.ActiveCfg = Debug|Any CPU
		{C1A93DD9-751C-3155-4EC1-FBFB391A0399}.Debug|Any CPU.Build.0 = Debug|Any CPU
		{C1A93DD9-751C-3155-4EC1-FBFB391A0399}.Release|Any CPU.ActiveCfg = Release|Any CPU
		{C1A93DD9-751C-3155-4EC1-FBFB391A0399}.Release|Any CPU.Build.0 = Release|Any CPU
	EndGlobalSection
	GlobalSection(SolutionProperties) = preSolution
		HideSolutionNode = FALSE
	EndGlobalSection
EndGlobal
