
Microsoft Visual Studio Solution File, Format Version 12.00
# Visual Studio 15
Project("{FAE04EC0-301F-11D3-BF4B-00C04F79EFBC}") = "Assembly-CSharp", "Assembly-CSharp.csproj", "{EC3A8A20-2353-8E1F-9543-B021CCA13E37}"
EndProject
Project("{FAE04EC0-301F-11D3-BF4B-00C04F79EFBC}") = "Assembly-CSharp-Editor", "Assembly-CSharp-Editor.csproj", "{24906D68-9F7C-B2C7-A8FD-E2A25A5C24DF}"
EndProject
Global
	GlobalSection(SolutionConfigurationPlatforms) = preSolution
		Debug|Any CPU = Debug|Any CPU
		Release|Any CPU = Release|Any CPU
	EndGlobalSection
	GlobalSection(ProjectConfigurationPlatforms) = postSolution
		{EC3A8A20-2353-8E1F-9543-B021CCA13E37}.Debug|Any CPU.ActiveCfg = Debug|Any CPU
		{EC3A8A20-2353-8E1F-9543-B021CCA13E37}.Debug|Any CPU.Build.0 = Debug|Any CPU
		{EC3A8A20-2353-8E1F-9543-B021CCA13E37}.Release|Any CPU.ActiveCfg = Release|Any CPU
		{EC3A8A20-2353-8E1F-9543-B021CCA13E37}.Release|Any CPU.Build.0 = Release|Any CPU
		{24906D68-9F7C-B2C7-A8FD-E2A25A5C24DF}.Debug|Any CPU.ActiveCfg = Debug|Any CPU
		{24906D68-9F7C-B2C7-A8FD-E2A25A5C24DF}.Debug|Any CPU.Build.0 = Debug|Any CPU
		{24906D68-9F7C-B2C7-A8FD-E2A25A5C24DF}.Release|Any CPU.ActiveCfg = Release|Any CPU
		{24906D68-9F7C-B2C7-A8FD-E2A25A5C24DF}.Release|Any CPU.Build.0 = Release|Any CPU
	EndGlobalSection
	GlobalSection(SolutionProperties) = preSolution
		HideSolutionNode = FALSE
	EndGlobalSection
EndGlobal
