
Microsoft Visual Studio Solution File, Format Version 11.00
# Visual Studio 2010
Project("{FAE04EC0-301F-11D3-BF4B-00C04F79EFBC}") = "Unity.InternalAPIEditorBridge.006", "Unity.InternalAPIEditorBridge.006.csproj", "{27bf2082-db91-057d-d7a4-965205e5cb97}"
EndProject
Global
	GlobalSection(SolutionConfigurationPlatforms) = preSolution
		Debug|Any CPU = Debug|Any CPU
	EndGlobalSection
	GlobalSection(ProjectConfigurationPlatforms) = postSolution
		{27bf2082-db91-057d-d7a4-965205e5cb97}.Debug|Any CPU.ActiveCfg = Debug|Any CPU
		{27bf2082-db91-057d-d7a4-965205e5cb97}.Debug|Any CPU.Build.0 = Debug|Any CPU
	EndGlobalSection
	GlobalSection(SolutionProperties) = preSolution
		HideSolutionNode = FALSE
	EndGlobalSection
EndGlobal
