
Microsoft Visual Studio Solution File, Format Version 12.00
# Visual Studio Version 17
VisualStudioVersion = 17.10.35013.160
MinimumVisualStudioVersion = 10.0.40219.1
Project("{9A19103F-16F7-4668-BE54-9A1E7A4F7556}") = "Csharp_NewtonSoft_json", "Csharp_NewtonSoft_json.csproj", "{82B6B509-55CC-4A4C-A837-81E557F79A89}"
EndProject
Global
	GlobalSection(SolutionConfigurationPlatforms) = preSolution
		Debug|Any CPU = Debug|Any CPU
		Release|Any CPU = Release|Any CPU
	EndGlobalSection
	GlobalSection(ProjectConfigurationPlatforms) = postSolution
		{82B6B509-55CC-4A4C-A837-81E557F79A89}.Debug|Any CPU.ActiveCfg = Debug|Any CPU
		{82B6B509-55CC-4A4C-A837-81E557F79A89}.Debug|Any CPU.Build.0 = Debug|Any CPU
		{82B6B509-55CC-4A4C-A837-81E557F79A89}.Release|Any CPU.ActiveCfg = Release|Any CPU
		{82B6B509-55CC-4A4C-A837-81E557F79A89}.Release|Any CPU.Build.0 = Release|Any CPU
	EndGlobalSection
	GlobalSection(SolutionProperties) = preSolution
		HideSolutionNode = FALSE
	EndGlobalSection
	GlobalSection(ExtensibilityGlobals) = postSolution
		SolutionGuid = {8FAB5E7D-25F3-46F2-9C93-C6AF8B2CEDB3}
	EndGlobalSection
EndGlobal
