
Microsoft Visual Studio Solution File, Format Version 12.00
# Visual Studio Version 16
VisualStudioVersion = 16.0.30104.148
MinimumVisualStudioVersion = 10.0.40219.1
Project("{9A19103F-16F7-4668-BE54-9A1E7A4F7556}") = "CfgValidator", "CfgValidator.csproj", "{F1B77CC1-CAEF-44A8-9AA2-F3B485BA8201}"
EndProject
Global
	GlobalSection(SolutionConfigurationPlatforms) = preSolution
		Debug|Any CPU = Debug|Any CPU
		Release|Any CPU = Release|Any CPU
	EndGlobalSection
	GlobalSection(ProjectConfigurationPlatforms) = postSolution
		{F1B77CC1-CAEF-44A8-9AA2-F3B485BA8201}.Debug|Any CPU.ActiveCfg = Debug|Any CPU
		{F1B77CC1-CAEF-44A8-9AA2-F3B485BA8201}.Debug|Any CPU.Build.0 = Debug|Any CPU
		{F1B77CC1-CAEF-44A8-9AA2-F3B485BA8201}.Release|Any CPU.ActiveCfg = Release|Any CPU
		{F1B77CC1-CAEF-44A8-9AA2-F3B485BA8201}.Release|Any CPU.Build.0 = Release|Any CPU
	EndGlobalSection
	GlobalSection(SolutionProperties) = preSolution
		HideSolutionNode = FALSE
	EndGlobalSection
	GlobalSection(ExtensibilityGlobals) = postSolution
		SolutionGuid = {6E9D8CDD-0F67-4703-89F0-A4E03F4D9FFF}
	EndGlobalSection
EndGlobal
