
Microsoft Visual Studio Solution File, Format Version 12.00
# Visual Studio Version 16
VisualStudioVersion = 16.0.30523.141
MinimumVisualStudioVersion = 10.0.40219.1
Project("{FAE04EC0-301F-11D3-BF4B-00C04F79EFBC}") = "Csharp_Server_DotNet5_json", "Csharp_Server_DotNet5_json.csproj", "{8AEED884-8DDE-47FC-8529-1A88EB02B019}"
EndProject
Global
	GlobalSection(SolutionConfigurationPlatforms) = preSolution
		Debug|Any CPU = Debug|Any CPU
		Release|Any CPU = Release|Any CPU
	EndGlobalSection
	GlobalSection(ProjectConfigurationPlatforms) = postSolution
		{8AEED884-8DDE-47FC-8529-1A88EB02B019}.Debug|Any CPU.ActiveCfg = Debug|Any CPU
		{8AEED884-8DDE-47FC-8529-1A88EB02B019}.Debug|Any CPU.Build.0 = Debug|Any CPU
		{8AEED884-8DDE-47FC-8529-1A88EB02B019}.Release|Any CPU.ActiveCfg = Release|Any CPU
		{8AEED884-8DDE-47FC-8529-1A88EB02B019}.Release|Any CPU.Build.0 = Release|Any CPU
	EndGlobalSection
	GlobalSection(SolutionProperties) = preSolution
		HideSolutionNode = FALSE
	EndGlobalSection
	GlobalSection(ExtensibilityGlobals) = postSolution
		SolutionGuid = {F9C38A42-1380-4256-A6C2-23622BF39456}
	EndGlobalSection
EndGlobal
