
Microsoft Visual Studio Solution File, Format Version 12.00
# Visual Studio Version 17
VisualStudioVersion = 17.0.31912.275
MinimumVisualStudioVersion = 10.0.40219.1
Project("{FAE04EC0-301F-11D3-BF4B-00C04F79EFBC}") = "EncryptMemory", "EncryptMemory.csproj", "{470BFFE2-168D-4EFC-9074-175F1FC1FEF8}"
EndProject
Global
	GlobalSection(SolutionConfigurationPlatforms) = preSolution
		Debug|Any CPU = Debug|Any CPU
		Release|Any CPU = Release|Any CPU
	EndGlobalSection
	GlobalSection(ProjectConfigurationPlatforms) = postSolution
		{470BFFE2-168D-4EFC-9074-175F1FC1FEF8}.Debug|Any CPU.ActiveCfg = Debug|Any CPU
		{470BFFE2-168D-4EFC-9074-175F1FC1FEF8}.Debug|Any CPU.Build.0 = Debug|Any CPU
		{470BFFE2-168D-4EFC-9074-175F1FC1FEF8}.Release|Any CPU.ActiveCfg = Release|Any CPU
		{470BFFE2-168D-4EFC-9074-175F1FC1FEF8}.Release|Any CPU.Build.0 = Release|Any CPU
	EndGlobalSection
	GlobalSection(SolutionProperties) = preSolution
		HideSolutionNode = FALSE
	EndGlobalSection
	GlobalSection(ExtensibilityGlobals) = postSolution
		SolutionGuid = {2D5B95BE-7B8C-42AF-A02D-623E8AC95376}
	EndGlobalSection
EndGlobal
